
Microsoft Visual Studio Solution File, Format Version 12.00
# Visual Studio Version 17
VisualStudioVersion = 17.4.33403.182
MinimumVisualStudioVersion = 10.0.40219.1
Project("{FAE04EC0-301F-11D3-BF4B-00C04F79EFBC}") = "WindowsFormsApp4", "WindowsFormsApp4\WindowsFormsApp4.csproj", "{51FF09A8-364C-4677-98EC-F4EA237E9274}"
EndProject
Global
	GlobalSection(SolutionConfigurationPlatforms) = preSolution
		Debug|Any CPU = Debug|Any CPU
		Release|Any CPU = Release|Any CPU
	EndGlobalSection
	GlobalSection(ProjectConfigurationPlatforms) = postSolution
		{51FF09A8-364C-4677-98EC-F4EA237E9274}.Debug|Any CPU.ActiveCfg = Debug|Any CPU
		{51FF09A8-364C-4677-98EC-F4EA237E9274}.Debug|Any CPU.Build.0 = Debug|Any CPU
		{51FF09A8-364C-4677-98EC-F4EA237E9274}.Release|Any CPU.ActiveCfg = Release|Any CPU
		{51FF09A8-364C-4677-98EC-F4EA237E9274}.Release|Any CPU.Build.0 = Release|Any CPU
	EndGlobalSection
	GlobalSection(SolutionProperties) = preSolution
		HideSolutionNode = FALSE
	EndGlobalSection
	GlobalSection(ExtensibilityGlobals) = postSolution
		SolutionGuid = {E86B0E87-3A0C-46F4-875D-8820CF7E7B24}
	EndGlobalSection
EndGlobal
